
Microsoft Visual Studio Solution File, Format Version 12.00
# Visual Studio Version 16
VisualStudioVersion = 16.0.30128.74
MinimumVisualStudioVersion = 10.0.40219.1
Project("{FAE04EC0-301F-11D3-BF4B-00C04F79EFBC}") = "FileSearcher", "FileSearcher\FileSearcher.csproj", "{6C98FB34-9FF9-40C9-8974-CBEE50E590AA}"
EndProject
Global
	GlobalSection(SolutionConfigurationPlatforms) = preSolution
		Debug|Any CPU = Debug|Any CPU
		Release|Any CPU = Release|Any CPU
	EndGlobalSection
	GlobalSection(ProjectConfigurationPlatforms) = postSolution
		{6C98FB34-9FF9-40C9-8974-CBEE50E590AA}.Debug|Any CPU.ActiveCfg = Debug|Any CPU
		{6C98FB34-9FF9-40C9-8974-CBEE50E590AA}.Debug|Any CPU.Build.0 = Debug|Any CPU
		{6C98FB34-9FF9-40C9-8974-CBEE50E590AA}.Release|Any CPU.ActiveCfg = Release|Any CPU
		{6C98FB34-9FF9-40C9-8974-CBEE50E590AA}.Release|Any CPU.Build.0 = Release|Any CPU
	EndGlobalSection
	GlobalSection(SolutionProperties) = preSolution
		HideSolutionNode = FALSE
	EndGlobalSection
	GlobalSection(ExtensibilityGlobals) = postSolution
		SolutionGuid = {10502153-7013-46FF-B45A-44917CB3257E}
	EndGlobalSection
EndGlobal
